<Solution>
  <Folder Name="/AzureServices/">
    <Project Path="AzureServices/OrderFunctions/OrderFunctions.csproj" Id="4ef5ae79-6872-4a77-b67b-ecc86c8d35f2" />
  </Folder>
  <Project Path="AdventureWorks.Web.Tests/AdventureWorks.Web.Tests.csproj" Id="5d4f0282-5c2a-4512-8593-cb43a6c826ea" />
  <Project Path="AdventureWorks.Web/AdventureWorks.Web.csproj" Id="d244e6f6-7714-4d34-9569-7e7199ca986e" />
</Solution>
